
Microsoft Visual Studio Solution File, Format Version 12.00
# Visual Studio Version 16
VisualStudioVersion = 16.0.30523.141
MinimumVisualStudioVersion = 10.0.40219.1
Project("{F184B08F-C81C-45F6-A57F-5ABD9991F28F}") = "ExtraModuleInClassExample", "ExtraModuleInClassExample\ExtraModuleInClassExample.vbproj", "{E598D58C-FF22-4616-8075-15B1A467FF81}"
EndProject
Global
	GlobalSection(SolutionConfigurationPlatforms) = preSolution
		Debug|Any CPU = Debug|Any CPU
		Release|Any CPU = Release|Any CPU
	EndGlobalSection
	GlobalSection(ProjectConfigurationPlatforms) = postSolution
		{E598D58C-FF22-4616-8075-15B1A467FF81}.Debug|Any CPU.ActiveCfg = Debug|Any CPU
		{E598D58C-FF22-4616-8075-15B1A467FF81}.Debug|Any CPU.Build.0 = Debug|Any CPU
		{E598D58C-FF22-4616-8075-15B1A467FF81}.Release|Any CPU.ActiveCfg = Release|Any CPU
		{E598D58C-FF22-4616-8075-15B1A467FF81}.Release|Any CPU.Build.0 = Release|Any CPU
	EndGlobalSection
	GlobalSection(SolutionProperties) = preSolution
		HideSolutionNode = FALSE
	EndGlobalSection
	GlobalSection(ExtensibilityGlobals) = postSolution
		SolutionGuid = {008C875E-4B48-47A6-8EC5-E0F36894FCFD}
	EndGlobalSection
EndGlobal
